
Microsoft Visual Studio Solution File, Format Version 12.00
# Visual Studio Version 17
VisualStudioVersion = 17.5.33530.505
MinimumVisualStudioVersion = 10.0.40219.1
Project("{FAE04EC0-301F-11D3-BF4B-00C04F79EFBC}") = "C#Lab10.1", "C#Lab10.1.csproj", "{3D9228B8-9623-4894-9632-283B58B42DDC}"
EndProject
Global
	GlobalSection(SolutionConfigurationPlatforms) = preSolution
		Debug|Any CPU = Debug|Any CPU
		Release|Any CPU = Release|Any CPU
	EndGlobalSection
	GlobalSection(ProjectConfigurationPlatforms) = postSolution
		{3D9228B8-9623-4894-9632-283B58B42DDC}.Debug|Any CPU.ActiveCfg = Debug|Any CPU
		{3D9228B8-9623-4894-9632-283B58B42DDC}.Debug|Any CPU.Build.0 = Debug|Any CPU
		{3D9228B8-9623-4894-9632-283B58B42DDC}.Release|Any CPU.ActiveCfg = Release|Any CPU
		{3D9228B8-9623-4894-9632-283B58B42DDC}.Release|Any CPU.Build.0 = Release|Any CPU
	EndGlobalSection
	GlobalSection(SolutionProperties) = preSolution
		HideSolutionNode = FALSE
	EndGlobalSection
	GlobalSection(ExtensibilityGlobals) = postSolution
		SolutionGuid = {8F69E1E2-F028-4244-A626-88F02268157F}
	EndGlobalSection
EndGlobal
