
Microsoft Visual Studio Solution File, Format Version 12.00
# Visual Studio Version 17
VisualStudioVersion = 17.5.33530.505
MinimumVisualStudioVersion = 10.0.40219.1
Project("{FAE04EC0-301F-11D3-BF4B-00C04F79EFBC}") = "C#Lab10", "C#Lab10.csproj", "{58ABDFF3-5397-434E-B43C-3A9380D04DEE}"
EndProject
Global
	GlobalSection(SolutionConfigurationPlatforms) = preSolution
		Debug|Any CPU = Debug|Any CPU
		Release|Any CPU = Release|Any CPU
	EndGlobalSection
	GlobalSection(ProjectConfigurationPlatforms) = postSolution
		{58ABDFF3-5397-434E-B43C-3A9380D04DEE}.Debug|Any CPU.ActiveCfg = Debug|Any CPU
		{58ABDFF3-5397-434E-B43C-3A9380D04DEE}.Debug|Any CPU.Build.0 = Debug|Any CPU
		{58ABDFF3-5397-434E-B43C-3A9380D04DEE}.Release|Any CPU.ActiveCfg = Release|Any CPU
		{58ABDFF3-5397-434E-B43C-3A9380D04DEE}.Release|Any CPU.Build.0 = Release|Any CPU
	EndGlobalSection
	GlobalSection(SolutionProperties) = preSolution
		HideSolutionNode = FALSE
	EndGlobalSection
	GlobalSection(ExtensibilityGlobals) = postSolution
		SolutionGuid = {716BED37-169E-4D10-A067-FD6416BAA33A}
	EndGlobalSection
EndGlobal
